
Microsoft Visual Studio Solution File, Format Version 12.00
# Visual Studio Version 17
VisualStudioVersion = 17.10.35013.160
MinimumVisualStudioVersion = 10.0.40219.1
Project("{FAE04EC0-301F-11D3-BF4B-00C04F79EFBC}") = "Project1__FlappyBird", "Project1__FlappyBird.csproj", "{937BADC2-4ACC-4413-AD4D-D84B33821570}"
EndProject
Global
	GlobalSection(SolutionConfigurationPlatforms) = preSolution
		Debug|Any CPU = Debug|Any CPU
		Release|Any CPU = Release|Any CPU
	EndGlobalSection
	GlobalSection(ProjectConfigurationPlatforms) = postSolution
		{937BADC2-4ACC-4413-AD4D-D84B33821570}.Debug|Any CPU.ActiveCfg = Debug|Any CPU
		{937BADC2-4ACC-4413-AD4D-D84B33821570}.Debug|Any CPU.Build.0 = Debug|Any CPU
		{937BADC2-4ACC-4413-AD4D-D84B33821570}.Release|Any CPU.ActiveCfg = Release|Any CPU
		{937BADC2-4ACC-4413-AD4D-D84B33821570}.Release|Any CPU.Build.0 = Release|Any CPU
	EndGlobalSection
	GlobalSection(SolutionProperties) = preSolution
		HideSolutionNode = FALSE
	EndGlobalSection
	GlobalSection(ExtensibilityGlobals) = postSolution
		SolutionGuid = {60D866A2-1CA9-4EFC-8B51-5418DB3D2644}
	EndGlobalSection
EndGlobal
